
Microsoft Visual Studio Solution File, Format Version 12.00
# Visual Studio Version 16
VisualStudioVersion = 16.0.29613.14
MinimumVisualStudioVersion = 10.0.40219.1
Project("{FAE04EC0-301F-11D3-BF4B-00C04F79EFBC}") = "LanguageServer", "LanguageServer\LanguageServer.csproj", "{4F45F9C2-267F-47A0-B2A5-88039AF6BA89}"
EndProject
Global
	GlobalSection(SolutionConfigurationPlatforms) = preSolution
		Debug|Any CPU = Debug|Any CPU
		Release|Any CPU = Release|Any CPU
	EndGlobalSection
	GlobalSection(ProjectConfigurationPlatforms) = postSolution
		{4F45F9C2-267F-47A0-B2A5-88039AF6BA89}.Debug|Any CPU.ActiveCfg = Debug|Any CPU
		{4F45F9C2-267F-47A0-B2A5-88039AF6BA89}.Debug|Any CPU.Build.0 = Debug|Any CPU
		{4F45F9C2-267F-47A0-B2A5-88039AF6BA89}.Release|Any CPU.ActiveCfg = Release|Any CPU
		{4F45F9C2-267F-47A0-B2A5-88039AF6BA89}.Release|Any CPU.Build.0 = Release|Any CPU
	EndGlobalSection
	GlobalSection(SolutionProperties) = preSolution
		HideSolutionNode = FALSE
	EndGlobalSection
	GlobalSection(ExtensibilityGlobals) = postSolution
		SolutionGuid = {56818950-640E-4E0B-9903-F4C4A8898DCC}
	EndGlobalSection
EndGlobal
